
Microsoft Visual Studio Solution File, Format Version 12.00
# Visual Studio Version 17
VisualStudioVersion = 17.0.31611.283
MinimumVisualStudioVersion = 10.0.40219.1
Project("{9A19103F-16F7-4668-BE54-9A1E7A4F7556}") = "MauiDemo", "MauiDemo.csproj", "{FC11B280-CD4D-48D2-BC1C-F79E0115BD44}"
EndProject
Project("{9A19103F-16F7-4668-BE54-9A1E7A4F7556}") = "MessageSys", "..\MessageSys\MessageSys.csproj", "{75804D35-4F4A-4D73-A60A-F96A819E8D07}"
EndProject
Project("{9A19103F-16F7-4668-BE54-9A1E7A4F7556}") = "OnnxRuntimeWrapper", "..\OnnxRuntimeWrapper\OnnxRuntimeWrapper.csproj", "{88439287-0E98-4E0C-8A51-313F3992FB6D}"
EndProject
Global
	GlobalSection(SolutionConfigurationPlatforms) = preSolution
		Debug|Any CPU = Debug|Any CPU
		Release|Any CPU = Release|Any CPU
	EndGlobalSection
	GlobalSection(ProjectConfigurationPlatforms) = postSolution
		{FC11B280-CD4D-48D2-BC1C-F79E0115BD44}.Debug|Any CPU.ActiveCfg = Debug|Any CPU
		{FC11B280-CD4D-48D2-BC1C-F79E0115BD44}.Debug|Any CPU.Build.0 = Debug|Any CPU
		{FC11B280-CD4D-48D2-BC1C-F79E0115BD44}.Debug|Any CPU.Deploy.0 = Debug|Any CPU
		{FC11B280-CD4D-48D2-BC1C-F79E0115BD44}.Release|Any CPU.ActiveCfg = Release|Any CPU
		{FC11B280-CD4D-48D2-BC1C-F79E0115BD44}.Release|Any CPU.Build.0 = Release|Any CPU
		{FC11B280-CD4D-48D2-BC1C-F79E0115BD44}.Release|Any CPU.Deploy.0 = Release|Any CPU
		{75804D35-4F4A-4D73-A60A-F96A819E8D07}.Debug|Any CPU.ActiveCfg = Debug|Any CPU
		{75804D35-4F4A-4D73-A60A-F96A819E8D07}.Debug|Any CPU.Build.0 = Debug|Any CPU
		{75804D35-4F4A-4D73-A60A-F96A819E8D07}.Release|Any CPU.ActiveCfg = Release|Any CPU
		{75804D35-4F4A-4D73-A60A-F96A819E8D07}.Release|Any CPU.Build.0 = Release|Any CPU
		{88439287-0E98-4E0C-8A51-313F3992FB6D}.Debug|Any CPU.ActiveCfg = Debug|Any CPU
		{88439287-0E98-4E0C-8A51-313F3992FB6D}.Debug|Any CPU.Build.0 = Debug|Any CPU
		{88439287-0E98-4E0C-8A51-313F3992FB6D}.Release|Any CPU.ActiveCfg = Release|Any CPU
		{88439287-0E98-4E0C-8A51-313F3992FB6D}.Release|Any CPU.Build.0 = Release|Any CPU
	EndGlobalSection
	GlobalSection(SolutionProperties) = preSolution
		HideSolutionNode = FALSE
	EndGlobalSection
	GlobalSection(ExtensibilityGlobals) = postSolution
		SolutionGuid = {61F7FB11-1E47-470C-91E2-47F8143E1572}
	EndGlobalSection
EndGlobal
